
Microsoft Visual Studio Solution File, Format Version 12.00
# Visual Studio Version 16
VisualStudioVersion = 16.0.31205.134
MinimumVisualStudioVersion = 10.0.40219.1
Project("{9A19103F-16F7-4668-BE54-9A1E7A4F7556}") = "ComputerHardwareStore", "ComputerHardwareStore\ComputerHardwareStore.csproj", "{97EE84DF-02B6-4707-AA5C-CBF40F804D7C}"
EndProject
Project("{FAE04EC0-301F-11D3-BF4B-00C04F79EFBC}") = "ComputerHardwareStore.Tests", "ComputerHardwareStore.Tests\ComputerHardwareStore.Tests.csproj", "{30B34E86-5A67-48C5-A074-2B227D6C0193}"
EndProject
Global
	GlobalSection(SolutionConfigurationPlatforms) = preSolution
		Debug|Any CPU = Debug|Any CPU
		Release|Any CPU = Release|Any CPU
	EndGlobalSection
	GlobalSection(ProjectConfigurationPlatforms) = postSolution
		{97EE84DF-02B6-4707-AA5C-CBF40F804D7C}.Debug|Any CPU.ActiveCfg = Debug|Any CPU
		{97EE84DF-02B6-4707-AA5C-CBF40F804D7C}.Debug|Any CPU.Build.0 = Debug|Any CPU
		{97EE84DF-02B6-4707-AA5C-CBF40F804D7C}.Release|Any CPU.ActiveCfg = Release|Any CPU
		{97EE84DF-02B6-4707-AA5C-CBF40F804D7C}.Release|Any CPU.Build.0 = Release|Any CPU
		{30B34E86-5A67-48C5-A074-2B227D6C0193}.Debug|Any CPU.ActiveCfg = Debug|Any CPU
		{30B34E86-5A67-48C5-A074-2B227D6C0193}.Debug|Any CPU.Build.0 = Debug|Any CPU
		{30B34E86-5A67-48C5-A074-2B227D6C0193}.Release|Any CPU.ActiveCfg = Release|Any CPU
		{30B34E86-5A67-48C5-A074-2B227D6C0193}.Release|Any CPU.Build.0 = Release|Any CPU
	EndGlobalSection
	GlobalSection(SolutionProperties) = preSolution
		HideSolutionNode = FALSE
	EndGlobalSection
	GlobalSection(ExtensibilityGlobals) = postSolution
		SolutionGuid = {D8F7554F-00F9-4A1B-81EE-B9E828DF306A}
	EndGlobalSection
EndGlobal
